
Microsoft Visual Studio Solution File, Format Version 11.00
# Visual Studio 2010
Project("{FAE04EC0-301F-11D3-BF4B-00C04F79EFBC}") = "Assembly-CSharp", "Assembly-CSharp.csproj", "{B6052123-A62D-3886-16B8-4CD204BEE0EB}"
EndProject
Project("{FAE04EC0-301F-11D3-BF4B-00C04F79EFBC}") = "Assembly-CSharp-firstpass", "Assembly-CSharp-firstpass.csproj", "{943F787E-58EE-01A2-E204-34ABA60143EB}"
EndProject
Project("{FAE04EC0-301F-11D3-BF4B-00C04F79EFBC}") = "Assembly-CSharp-Editor-firstpass", "Assembly-CSharp-Editor-firstpass.csproj", "{42C22A21-DCC2-0F32-0755-B058ADC9F1E8}"
EndProject
Global
	GlobalSection(SolutionConfigurationPlatforms) = preSolution
		Debug|Any CPU = Debug|Any CPU
		Release|Any CPU = Release|Any CPU
	EndGlobalSection
	GlobalSection(ProjectConfigurationPlatforms) = postSolution
		{B6052123-A62D-3886-16B8-4CD204BEE0EB}.Debug|Any CPU.ActiveCfg = Debug|Any CPU
		{B6052123-A62D-3886-16B8-4CD204BEE0EB}.Debug|Any CPU.Build.0 = Debug|Any CPU
		{B6052123-A62D-3886-16B8-4CD204BEE0EB}.Release|Any CPU.ActiveCfg = Release|Any CPU
		{B6052123-A62D-3886-16B8-4CD204BEE0EB}.Release|Any CPU.Build.0 = Release|Any CPU
		{943F787E-58EE-01A2-E204-34ABA60143EB}.Debug|Any CPU.ActiveCfg = Debug|Any CPU
		{943F787E-58EE-01A2-E204-34ABA60143EB}.Debug|Any CPU.Build.0 = Debug|Any CPU
		{943F787E-58EE-01A2-E204-34ABA60143EB}.Release|Any CPU.ActiveCfg = Release|Any CPU
		{943F787E-58EE-01A2-E204-34ABA60143EB}.Release|Any CPU.Build.0 = Release|Any CPU
		{42C22A21-DCC2-0F32-0755-B058ADC9F1E8}.Debug|Any CPU.ActiveCfg = Debug|Any CPU
		{42C22A21-DCC2-0F32-0755-B058ADC9F1E8}.Debug|Any CPU.Build.0 = Debug|Any CPU
		{42C22A21-DCC2-0F32-0755-B058ADC9F1E8}.Release|Any CPU.ActiveCfg = Release|Any CPU
		{42C22A21-DCC2-0F32-0755-B058ADC9F1E8}.Release|Any CPU.Build.0 = Release|Any CPU
	EndGlobalSection
	GlobalSection(SolutionProperties) = preSolution
		HideSolutionNode = FALSE
	EndGlobalSection
	GlobalSection(MonoDevelopProperties) = preSolution
		StartupItem = Assembly-CSharp.csproj
	EndGlobalSection
EndGlobal
