
Microsoft Visual Studio Solution File, Format Version 11.00
# Visual Studio 2010
Project("{FAE04EC0-301F-11D3-BF4B-00C04F79EFBC}") = "Assembly-CSharp", "Assembly-CSharp.csproj", "{17A17FED-6A71-69B6-6999-3173D9A36AD0}"
EndProject
Project("{FAE04EC0-301F-11D3-BF4B-00C04F79EFBC}") = "Assembly-CSharp-Editor", "Assembly-CSharp-Editor.csproj", "{EE063575-9F7A-013F-22CE-64BE7C65B2B9}"
EndProject
Global
	GlobalSection(SolutionConfigurationPlatforms) = preSolution
		Debug|Any CPU = Debug|Any CPU
		Release|Any CPU = Release|Any CPU
	EndGlobalSection
	GlobalSection(ProjectConfigurationPlatforms) = postSolution
		{17A17FED-6A71-69B6-6999-3173D9A36AD0}.Debug|Any CPU.ActiveCfg = Debug|Any CPU
		{17A17FED-6A71-69B6-6999-3173D9A36AD0}.Debug|Any CPU.Build.0 = Debug|Any CPU
		{17A17FED-6A71-69B6-6999-3173D9A36AD0}.Release|Any CPU.ActiveCfg = Release|Any CPU
		{17A17FED-6A71-69B6-6999-3173D9A36AD0}.Release|Any CPU.Build.0 = Release|Any CPU
		{EE063575-9F7A-013F-22CE-64BE7C65B2B9}.Debug|Any CPU.ActiveCfg = Debug|Any CPU
		{EE063575-9F7A-013F-22CE-64BE7C65B2B9}.Debug|Any CPU.Build.0 = Debug|Any CPU
		{EE063575-9F7A-013F-22CE-64BE7C65B2B9}.Release|Any CPU.ActiveCfg = Release|Any CPU
		{EE063575-9F7A-013F-22CE-64BE7C65B2B9}.Release|Any CPU.Build.0 = Release|Any CPU
	EndGlobalSection
	GlobalSection(SolutionProperties) = preSolution
		HideSolutionNode = FALSE
	EndGlobalSection
	GlobalSection(MonoDevelopProperties) = preSolution
		StartupItem = Assembly-CSharp.csproj
	EndGlobalSection
EndGlobal
