
Microsoft Visual Studio Solution File, Format Version 12.00
# Visual Studio for Mac
Project("{FAE04EC0-301F-11D3-BF4B-00C04F79EFBC}") = "Assembly-CSharp", "Assembly-CSharp.csproj", "{F93D2826-9AA1-958E-15BE-B39D2E938FBA}"
EndProject
Project("{FAE04EC0-301F-11D3-BF4B-00C04F79EFBC}") = "Assembly-CSharp-firstpass", "Assembly-CSharp-firstpass.csproj", "{A04369B5-5E14-7753-AF92-673C033E9047}"
EndProject
Project("{FAE04EC0-301F-11D3-BF4B-00C04F79EFBC}") = "Assembly-CSharp-Editor-firstpass", "Assembly-CSharp-Editor-firstpass.csproj", "{30906A5D-5721-5DCF-E870-C8F890B6D2E8}"
EndProject
Global
	GlobalSection(SolutionConfigurationPlatforms) = preSolution
		Debug|Any CPU = Debug|Any CPU
		Release|Any CPU = Release|Any CPU
	EndGlobalSection
	GlobalSection(ProjectConfigurationPlatforms) = postSolution
		{F93D2826-9AA1-958E-15BE-B39D2E938FBA}.Debug|Any CPU.ActiveCfg = Debug|Any CPU
		{F93D2826-9AA1-958E-15BE-B39D2E938FBA}.Debug|Any CPU.Build.0 = Debug|Any CPU
		{F93D2826-9AA1-958E-15BE-B39D2E938FBA}.Release|Any CPU.ActiveCfg = Release|Any CPU
		{F93D2826-9AA1-958E-15BE-B39D2E938FBA}.Release|Any CPU.Build.0 = Release|Any CPU
		{A04369B5-5E14-7753-AF92-673C033E9047}.Debug|Any CPU.ActiveCfg = Debug|Any CPU
		{A04369B5-5E14-7753-AF92-673C033E9047}.Debug|Any CPU.Build.0 = Debug|Any CPU
		{A04369B5-5E14-7753-AF92-673C033E9047}.Release|Any CPU.ActiveCfg = Release|Any CPU
		{A04369B5-5E14-7753-AF92-673C033E9047}.Release|Any CPU.Build.0 = Release|Any CPU
		{30906A5D-5721-5DCF-E870-C8F890B6D2E8}.Debug|Any CPU.ActiveCfg = Debug|Any CPU
		{30906A5D-5721-5DCF-E870-C8F890B6D2E8}.Debug|Any CPU.Build.0 = Debug|Any CPU
		{30906A5D-5721-5DCF-E870-C8F890B6D2E8}.Release|Any CPU.ActiveCfg = Release|Any CPU
		{30906A5D-5721-5DCF-E870-C8F890B6D2E8}.Release|Any CPU.Build.0 = Release|Any CPU
	EndGlobalSection
	GlobalSection(SolutionProperties) = preSolution
		HideSolutionNode = FALSE
	EndGlobalSection
EndGlobal
